
Microsoft Visual Studio Solution File, Format Version 12.00
# Visual Studio Version 17
VisualStudioVersion = 17.14.36109.1
MinimumVisualStudioVersion = 10.0.40219.1
Project("{FAE04EC0-301F-11D3-BF4B-00C04F79EFBC}") = "APITEST", "APITEST\APITEST.csproj", "{B98F693D-053B-41F5-B566-7D4A4CBB948F}"
EndProject
Project("{FAE04EC0-301F-11D3-BF4B-00C04F79EFBC}") = "JWTDemo", "JWTDemo\JWTDemo.csproj", "{D471FB74-5F62-4C56-90B3-37EAE34F970F}"
EndProject
Project("{FAE04EC0-301F-11D3-BF4B-00C04F79EFBC}") = "BootstrapBlazor.Maui1", "BootstrapBlazor.Maui1\BootstrapBlazor.Maui1\BootstrapBlazor.Maui1.csproj", "{245DC5CC-DD60-4BA1-8EEC-2FBA44F5D92E}"
EndProject
Project("{FAE04EC0-301F-11D3-BF4B-00C04F79EFBC}") = "BootstrapBlazor.Maui1.Shared", "BootstrapBlazor.Maui1\BootstrapBlazor.Maui1.Shared\BootstrapBlazor.Maui1.Shared.csproj", "{0C1F8F39-F993-438E-BDBF-5EEA6A741EC5}"
EndProject
Project("{2150E333-8FDC-42A3-9474-1A3956D46DE8}") = "AI问答提示词", "AI问答提示词", "{02EA681E-C7D8-13C7-8484-4AC65E1B71E8}"
EndProject
Project("{2150E333-8FDC-42A3-9474-1A3956D46DE8}") = "API接口访问类", "API接口访问类", "{3D2E2972-2902-47CE-8187-FDA3766942E0}"
	ProjectSection(SolutionItems) = preProject
		HttpClient访问工具类.txt = HttpClient访问工具类.txt
	EndProjectSection
EndProject
Project("{2150E333-8FDC-42A3-9474-1A3956D46DE8}") = "Dapper跨数据库访问", "Dapper跨数据库访问", "{C8FE46B5-3175-4409-AED3-8A9535C381D5}"
	ProjectSection(SolutionItems) = preProject
		Dapper跨数据库访问.txt = Dapper跨数据库访问.txt
	EndProjectSection
EndProject
Project("{FAE04EC0-301F-11D3-BF4B-00C04F79EFBC}") = "BlazorFileUpload", "BlazorFileUpload\BlazorFileUpload.csproj", "{47603A96-4205-4AFA-A407-B68EC054C2E7}"
EndProject
Project("{FAE04EC0-301F-11D3-BF4B-00C04F79EFBC}") = "BootstrapBlazorApp1.Server", "BootstrapBlazorApp1\BootstrapBlazorApp1.Server\BootstrapBlazorApp1.Server.csproj", "{89A05266-DB70-4051-BE61-44550894D79E}"
EndProject
Project("{FAE04EC0-301F-11D3-BF4B-00C04F79EFBC}") = "Socketor", "Socketor-main\src\Socketor.csproj", "{38EB8015-3640-79BD-C85D-D97C79F83A21}"
EndProject
Project("{FAE04EC0-301F-11D3-BF4B-00C04F79EFBC}") = "CookieDemo", "demoCookie\CookieDemo.csproj", "{AEE66A04-E85E-C457-CF5A-5F9D432C2CAE}"
EndProject
Project("{FAE04EC0-301F-11D3-BF4B-00C04F79EFBC}") = "ConsoleMCPClient", "ConsoleMCPClient\ConsoleMCPClient.csproj", "{FCA402AF-151B-40FD-8B45-836BE8447A19}"
EndProject
Project("{FAE04EC0-301F-11D3-BF4B-00C04F79EFBC}") = "ConsoleMCPServer", "ConsoleMCPServer\ConsoleMCPServer.csproj", "{29073C7A-C396-4A4D-B32E-67C0B1EC9A2F}"
EndProject
Global
	GlobalSection(SolutionConfigurationPlatforms) = preSolution
		Debug|Any CPU = Debug|Any CPU
		Release|Any CPU = Release|Any CPU
	EndGlobalSection
	GlobalSection(ProjectConfigurationPlatforms) = postSolution
		{B98F693D-053B-41F5-B566-7D4A4CBB948F}.Debug|Any CPU.ActiveCfg = Debug|Any CPU
		{B98F693D-053B-41F5-B566-7D4A4CBB948F}.Debug|Any CPU.Build.0 = Debug|Any CPU
		{B98F693D-053B-41F5-B566-7D4A4CBB948F}.Release|Any CPU.ActiveCfg = Release|Any CPU
		{B98F693D-053B-41F5-B566-7D4A4CBB948F}.Release|Any CPU.Build.0 = Release|Any CPU
		{D471FB74-5F62-4C56-90B3-37EAE34F970F}.Debug|Any CPU.ActiveCfg = Debug|Any CPU
		{D471FB74-5F62-4C56-90B3-37EAE34F970F}.Debug|Any CPU.Build.0 = Debug|Any CPU
		{D471FB74-5F62-4C56-90B3-37EAE34F970F}.Release|Any CPU.ActiveCfg = Release|Any CPU
		{D471FB74-5F62-4C56-90B3-37EAE34F970F}.Release|Any CPU.Build.0 = Release|Any CPU
		{245DC5CC-DD60-4BA1-8EEC-2FBA44F5D92E}.Debug|Any CPU.ActiveCfg = Debug|Any CPU
		{245DC5CC-DD60-4BA1-8EEC-2FBA44F5D92E}.Debug|Any CPU.Build.0 = Debug|Any CPU
		{245DC5CC-DD60-4BA1-8EEC-2FBA44F5D92E}.Release|Any CPU.ActiveCfg = Release|Any CPU
		{245DC5CC-DD60-4BA1-8EEC-2FBA44F5D92E}.Release|Any CPU.Build.0 = Release|Any CPU
		{0C1F8F39-F993-438E-BDBF-5EEA6A741EC5}.Debug|Any CPU.ActiveCfg = Debug|Any CPU
		{0C1F8F39-F993-438E-BDBF-5EEA6A741EC5}.Debug|Any CPU.Build.0 = Debug|Any CPU
		{0C1F8F39-F993-438E-BDBF-5EEA6A741EC5}.Release|Any CPU.ActiveCfg = Release|Any CPU
		{0C1F8F39-F993-438E-BDBF-5EEA6A741EC5}.Release|Any CPU.Build.0 = Release|Any CPU
		{47603A96-4205-4AFA-A407-B68EC054C2E7}.Debug|Any CPU.ActiveCfg = Debug|Any CPU
		{47603A96-4205-4AFA-A407-B68EC054C2E7}.Debug|Any CPU.Build.0 = Debug|Any CPU
		{47603A96-4205-4AFA-A407-B68EC054C2E7}.Release|Any CPU.ActiveCfg = Release|Any CPU
		{47603A96-4205-4AFA-A407-B68EC054C2E7}.Release|Any CPU.Build.0 = Release|Any CPU
		{89A05266-DB70-4051-BE61-44550894D79E}.Debug|Any CPU.ActiveCfg = Debug|Any CPU
		{89A05266-DB70-4051-BE61-44550894D79E}.Debug|Any CPU.Build.0 = Debug|Any CPU
		{89A05266-DB70-4051-BE61-44550894D79E}.Release|Any CPU.ActiveCfg = Release|Any CPU
		{89A05266-DB70-4051-BE61-44550894D79E}.Release|Any CPU.Build.0 = Release|Any CPU
		{38EB8015-3640-79BD-C85D-D97C79F83A21}.Debug|Any CPU.ActiveCfg = Debug|Any CPU
		{38EB8015-3640-79BD-C85D-D97C79F83A21}.Debug|Any CPU.Build.0 = Debug|Any CPU
		{38EB8015-3640-79BD-C85D-D97C79F83A21}.Release|Any CPU.ActiveCfg = Release|Any CPU
		{38EB8015-3640-79BD-C85D-D97C79F83A21}.Release|Any CPU.Build.0 = Release|Any CPU
		{AEE66A04-E85E-C457-CF5A-5F9D432C2CAE}.Debug|Any CPU.ActiveCfg = Debug|Any CPU
		{AEE66A04-E85E-C457-CF5A-5F9D432C2CAE}.Debug|Any CPU.Build.0 = Debug|Any CPU
		{AEE66A04-E85E-C457-CF5A-5F9D432C2CAE}.Release|Any CPU.ActiveCfg = Release|Any CPU
		{AEE66A04-E85E-C457-CF5A-5F9D432C2CAE}.Release|Any CPU.Build.0 = Release|Any CPU
		{FCA402AF-151B-40FD-8B45-836BE8447A19}.Debug|Any CPU.ActiveCfg = Debug|Any CPU
		{FCA402AF-151B-40FD-8B45-836BE8447A19}.Debug|Any CPU.Build.0 = Debug|Any CPU
		{FCA402AF-151B-40FD-8B45-836BE8447A19}.Release|Any CPU.ActiveCfg = Release|Any CPU
		{FCA402AF-151B-40FD-8B45-836BE8447A19}.Release|Any CPU.Build.0 = Release|Any CPU
		{29073C7A-C396-4A4D-B32E-67C0B1EC9A2F}.Debug|Any CPU.ActiveCfg = Debug|Any CPU
		{29073C7A-C396-4A4D-B32E-67C0B1EC9A2F}.Debug|Any CPU.Build.0 = Debug|Any CPU
		{29073C7A-C396-4A4D-B32E-67C0B1EC9A2F}.Release|Any CPU.ActiveCfg = Release|Any CPU
		{29073C7A-C396-4A4D-B32E-67C0B1EC9A2F}.Release|Any CPU.Build.0 = Release|Any CPU
	EndGlobalSection
	GlobalSection(SolutionProperties) = preSolution
		HideSolutionNode = FALSE
	EndGlobalSection
	GlobalSection(NestedProjects) = preSolution
		{3D2E2972-2902-47CE-8187-FDA3766942E0} = {02EA681E-C7D8-13C7-8484-4AC65E1B71E8}
		{C8FE46B5-3175-4409-AED3-8A9535C381D5} = {02EA681E-C7D8-13C7-8484-4AC65E1B71E8}
	EndGlobalSection
	GlobalSection(ExtensibilityGlobals) = postSolution
		SolutionGuid = {4A89BAF6-A109-4252-9F5F-874E3696198A}
	EndGlobalSection
EndGlobal
